{
  "name": "nodejswebserver",
  "version": "1.0.0",
  "lockfileVersion": 2,
  "requires": true,
  "packages": {
    "": {
      "name": "nodejswebserver",
      "version": "1.0.0",
      "license": "ISC",
      "devDependencies": {
        "pretty-log": "^0.1.0"
      }
    },
    "node_modules/colors": {
      "version": "0.6.2",
      "resolved": "https://registry.npmjs.org/colors/-/colors-0.6.2.tgz",
      "integrity": "sha512-OsSVtHK8Ir8r3+Fxw/b4jS1ZLPXkV6ZxDRJQzeD7qo0SqMXWrHDM71DgYzPMHY8SFJ0Ao+nNU2p1MmwdzKqPrw==",
      "dev": true,
      "engines": {
        "node": ">=0.1.90"
      }
    },
    "node_modules/pretty-log": {
      "version": "0.1.0",
      "resolved": "https://registry.npmjs.org/pretty-log/-/pretty-log-0.1.0.tgz",
      "integrity": "sha512-lfl4D1sjV96JjOxrANmElcb1sKZX7lhiLyyjERzximpG4V1qGqKGFA50V9zs8xVwsi3qSUhCguMVTVNUkjt5zw==",
      "dev": true,
      "dependencies": {
        "colors": "^0.6.2"
      }
    }
  },
  "dependencies": {
    "colors": {
      "version": "0.6.2",
      "resolved": "https://registry.npmjs.org/colors/-/colors-0.6.2.tgz",
      "integrity": "sha512-OsSVtHK8Ir8r3+Fxw/b4jS1ZLPXkV6ZxDRJQzeD7qo0SqMXWrHDM71DgYzPMHY8SFJ0Ao+nNU2p1MmwdzKqPrw==",
      "dev": true
    },
    "pretty-log": {
      "version": "0.1.0",
      "resolved": "https://registry.npmjs.org/pretty-log/-/pretty-log-0.1.0.tgz",
      "integrity": "sha512-lfl4D1sjV96JjOxrANmElcb1sKZX7lhiLyyjERzximpG4V1qGqKGFA50V9zs8xVwsi3qSUhCguMVTVNUkjt5zw==",
      "dev": true,
      "requires": {
        "colors": "^0.6.2"
      }
    }
  }
}
